
Microsoft Visual Studio Solution File, Format Version 12.00
# Visual Studio Version 16
VisualStudioVersion = 16.0.31005.135
MinimumVisualStudioVersion = 10.0.40219.1
Project("{FAE04EC0-301F-11D3-BF4B-00C04F79EFBC}") = "EPC(Encelad`s Projects Collection) 1", "EPC(Encelad`s Projects Collection) 1.csproj", "{EE433FF8-3D41-4214-9489-60A8145F7B2E}"
EndProject
Global
	GlobalSection(SolutionConfigurationPlatforms) = preSolution
		Debug|Any CPU = Debug|Any CPU
		Release|Any CPU = Release|Any CPU
	EndGlobalSection
	GlobalSection(ProjectConfigurationPlatforms) = postSolution
		{EE433FF8-3D41-4214-9489-60A8145F7B2E}.Debug|Any CPU.ActiveCfg = Debug|Any CPU
		{EE433FF8-3D41-4214-9489-60A8145F7B2E}.Debug|Any CPU.Build.0 = Debug|Any CPU
		{EE433FF8-3D41-4214-9489-60A8145F7B2E}.Release|Any CPU.ActiveCfg = Release|Any CPU
		{EE433FF8-3D41-4214-9489-60A8145F7B2E}.Release|Any CPU.Build.0 = Release|Any CPU
	EndGlobalSection
	GlobalSection(SolutionProperties) = preSolution
		HideSolutionNode = FALSE
	EndGlobalSection
	GlobalSection(ExtensibilityGlobals) = postSolution
		SolutionGuid = {F7C3EDD7-D302-4408-86C1-C6E8DFC7729B}
	EndGlobalSection
EndGlobal
